
Microsoft Visual Studio Solution File, Format Version 12.00
# Visual Studio Version 16
VisualStudioVersion = 16.0.31424.327
MinimumVisualStudioVersion = 10.0.40219.1
Project("{FAE04EC0-301F-11D3-BF4B-00C04F79EFBC}") = "MarsPlateau", "MarsPlateau\MarsPlateau.csproj", "{62887531-3652-425A-9F8B-E9F1EB6C8708}"
EndProject
Global
	GlobalSection(SolutionConfigurationPlatforms) = preSolution
		Debug|Any CPU = Debug|Any CPU
		Release|Any CPU = Release|Any CPU
	EndGlobalSection
	GlobalSection(ProjectConfigurationPlatforms) = postSolution
		{62887531-3652-425A-9F8B-E9F1EB6C8708}.Debug|Any CPU.ActiveCfg = Debug|Any CPU
		{62887531-3652-425A-9F8B-E9F1EB6C8708}.Debug|Any CPU.Build.0 = Debug|Any CPU
		{62887531-3652-425A-9F8B-E9F1EB6C8708}.Release|Any CPU.ActiveCfg = Release|Any CPU
		{62887531-3652-425A-9F8B-E9F1EB6C8708}.Release|Any CPU.Build.0 = Release|Any CPU
	EndGlobalSection
	GlobalSection(SolutionProperties) = preSolution
		HideSolutionNode = FALSE
	EndGlobalSection
	GlobalSection(ExtensibilityGlobals) = postSolution
		SolutionGuid = {3B925671-E7E1-489C-BE3F-7ACA5596644D}
	EndGlobalSection
EndGlobal
